
Microsoft Visual Studio Solution File, Format Version 12.00
# Visual Studio Version 17
VisualStudioVersion = 17.7.34031.279
MinimumVisualStudioVersion = 10.0.40219.1
Project("{F184B08F-C81C-45F6-A57F-5ABD9991F28F}") = "videoclub", "videoclub\videoclub.vbproj", "{66EF014F-2CAC-4555-B920-8C34BC4EE7BF}"
EndProject
Project("{F184B08F-C81C-45F6-A57F-5ABD9991F28F}") = "WritableContentControl", "..\..\Controles Personalizados\WritableContentControl\WritableContentControl\WritableContentControl.vbproj", "{4976B020-F42C-4F72-BD0F-080125EE6298}"
EndProject
Project("{F184B08F-C81C-45F6-A57F-5ABD9991F28F}") = "DetailPreView", "..\..\Controles Personalizados\DetailPreView\DetailPreView\DetailPreView.vbproj", "{5AD8BB47-662C-4BEC-9AD4-203B70CC3C9A}"
EndProject
Global
	GlobalSection(SolutionConfigurationPlatforms) = preSolution
		Debug|Any CPU = Debug|Any CPU
		Release|Any CPU = Release|Any CPU
	EndGlobalSection
	GlobalSection(ProjectConfigurationPlatforms) = postSolution
		{66EF014F-2CAC-4555-B920-8C34BC4EE7BF}.Debug|Any CPU.ActiveCfg = Debug|Any CPU
		{66EF014F-2CAC-4555-B920-8C34BC4EE7BF}.Debug|Any CPU.Build.0 = Debug|Any CPU
		{66EF014F-2CAC-4555-B920-8C34BC4EE7BF}.Release|Any CPU.ActiveCfg = Release|Any CPU
		{66EF014F-2CAC-4555-B920-8C34BC4EE7BF}.Release|Any CPU.Build.0 = Release|Any CPU
		{4976B020-F42C-4F72-BD0F-080125EE6298}.Debug|Any CPU.ActiveCfg = Debug|Any CPU
		{4976B020-F42C-4F72-BD0F-080125EE6298}.Debug|Any CPU.Build.0 = Debug|Any CPU
		{4976B020-F42C-4F72-BD0F-080125EE6298}.Release|Any CPU.ActiveCfg = Release|Any CPU
		{4976B020-F42C-4F72-BD0F-080125EE6298}.Release|Any CPU.Build.0 = Release|Any CPU
		{5AD8BB47-662C-4BEC-9AD4-203B70CC3C9A}.Debug|Any CPU.ActiveCfg = Debug|Any CPU
		{5AD8BB47-662C-4BEC-9AD4-203B70CC3C9A}.Debug|Any CPU.Build.0 = Debug|Any CPU
		{5AD8BB47-662C-4BEC-9AD4-203B70CC3C9A}.Release|Any CPU.ActiveCfg = Release|Any CPU
		{5AD8BB47-662C-4BEC-9AD4-203B70CC3C9A}.Release|Any CPU.Build.0 = Release|Any CPU
	EndGlobalSection
	GlobalSection(SolutionProperties) = preSolution
		HideSolutionNode = FALSE
	EndGlobalSection
	GlobalSection(ExtensibilityGlobals) = postSolution
		SolutionGuid = {C1FD810F-A13A-47DB-9B76-FA4ABE5682FE}
	EndGlobalSection
EndGlobal
